
Microsoft Visual Studio Solution File, Format Version 12.00
# Visual Studio Version 16
VisualStudioVersion = 16.0.31112.23
MinimumVisualStudioVersion = 10.0.40219.1
Project("{9A19103F-16F7-4668-BE54-9A1E7A4F7556}") = "TB.Net.Exo01", "TB.Net.Exo01\TB.Net.Exo01.csproj", "{F49C54FB-B53C-44C7-8D7F-EF4BA7275018}"
EndProject
Project("{9A19103F-16F7-4668-BE54-9A1E7A4F7556}") = "TB.Net.Exo02", "TB.Net.Exo02\TB.Net.Exo02.csproj", "{3C4C9AD0-09A8-4C42-9732-F256C83AAB05}"
EndProject
Project("{9A19103F-16F7-4668-BE54-9A1E7A4F7556}") = "TB.Net.Exo03", "TB.Net.Exo03\TB.Net.Exo03.csproj", "{B08E7AF4-D180-4ECD-9C2F-4C3CAFBF4898}"
EndProject
Project("{9A19103F-16F7-4668-BE54-9A1E7A4F7556}") = "TB.Net.Exo04", "TB.Net.Exo04\TB.Net.Exo04.csproj", "{0EF9C9D8-7997-4FBE-A3F8-6071F1B1FCC3}"
EndProject
Project("{9A19103F-16F7-4668-BE54-9A1E7A4F7556}") = "TB.Net.Exo05", "TB.Net.Exo05\TB.Net.Exo05.csproj", "{936D6E2B-F9E1-4C76-98D5-33AC376A6618}"
EndProject
Project("{9A19103F-16F7-4668-BE54-9A1E7A4F7556}") = "TB.Net.Exo06", "TB.Net.Exo06\TB.Net.Exo06.csproj", "{E4EF64D1-0E0D-4147-B4BC-025634F859E7}"
EndProject
Project("{9A19103F-16F7-4668-BE54-9A1E7A4F7556}") = "TB.Net.Exo06-Temperature", "TB.Net.Exo06-Temperature\TB.Net.Exo06-Temperature.csproj", "{C8CB44EA-98FE-4850-8D79-7F11C3FE6D27}"
EndProject
Project("{9A19103F-16F7-4668-BE54-9A1E7A4F7556}") = "TB.Net.Exo07 - Client", "TB.Net.Exo07 - Client\TB.Net.Exo07 - Client.csproj", "{FABFAEA4-45EE-4A36-8C9D-999D52637B33}"
EndProject
Project("{9A19103F-16F7-4668-BE54-9A1E7A4F7556}") = "TB.Net.Exo07 - Structs", "TB.Net.Exo07 - Structs\TB.Net.Exo07 - Structs.csproj", "{7A3E4222-C9F1-46B8-A473-F660CE59326A}"
EndProject
Project("{9A19103F-16F7-4668-BE54-9A1E7A4F7556}") = "TB.Net.Exo07 - SecondClient", "TB.Net.Exo07 - SecondClient\TB.Net.Exo07 - SecondClient.csproj", "{F4492438-711E-46C4-96AE-17674D78B0C7}"
EndProject
Project("{9A19103F-16F7-4668-BE54-9A1E7A4F7556}") = "TB.Net.Exo08", "TB.Net.Exo08\TB.Net.Exo08.csproj", "{611E3B38-11AC-4A3C-B6CA-62BB17A31213}"
EndProject
Project("{9A19103F-16F7-4668-BE54-9A1E7A4F7556}") = "TB.Net.ExoBonus01", "TB.Net.ExoBonus01\TB.Net.ExoBonus01.csproj", "{97F30193-244A-4A42-98FA-3D160B4A9946}"
EndProject
Project("{9A19103F-16F7-4668-BE54-9A1E7A4F7556}") = "TB.Net.ExoBonus02", "TB.Net.ExoBonus02\TB.Net.ExoBonus02.csproj", "{6CCD6646-8F50-43EC-B864-36A506C0BED3}"
EndProject
Project("{FAE04EC0-301F-11D3-BF4B-00C04F79EFBC}") = "TB.Net.ExoBonus03", "TB.Net.ExoBonus03\TB.Net.ExoBonus03.csproj", "{35B71150-AB91-4E21-9F9D-D29C57ADB4A0}"
EndProject
Project("{FAE04EC0-301F-11D3-BF4B-00C04F79EFBC}") = "TB.Net.ExoBonus04", "TB.Net.ExoBonus04\TB.Net.ExoBonus04.csproj", "{552E746D-5324-481C-A3AB-55E4134CC090}"
EndProject
Global
	GlobalSection(SolutionConfigurationPlatforms) = preSolution
		Debug|Any CPU = Debug|Any CPU
		Release|Any CPU = Release|Any CPU
	EndGlobalSection
	GlobalSection(ProjectConfigurationPlatforms) = postSolution
		{F49C54FB-B53C-44C7-8D7F-EF4BA7275018}.Debug|Any CPU.ActiveCfg = Debug|Any CPU
		{F49C54FB-B53C-44C7-8D7F-EF4BA7275018}.Debug|Any CPU.Build.0 = Debug|Any CPU
		{F49C54FB-B53C-44C7-8D7F-EF4BA7275018}.Release|Any CPU.ActiveCfg = Release|Any CPU
		{F49C54FB-B53C-44C7-8D7F-EF4BA7275018}.Release|Any CPU.Build.0 = Release|Any CPU
		{3C4C9AD0-09A8-4C42-9732-F256C83AAB05}.Debug|Any CPU.ActiveCfg = Debug|Any CPU
		{3C4C9AD0-09A8-4C42-9732-F256C83AAB05}.Debug|Any CPU.Build.0 = Debug|Any CPU
		{3C4C9AD0-09A8-4C42-9732-F256C83AAB05}.Release|Any CPU.ActiveCfg = Release|Any CPU
		{3C4C9AD0-09A8-4C42-9732-F256C83AAB05}.Release|Any CPU.Build.0 = Release|Any CPU
		{B08E7AF4-D180-4ECD-9C2F-4C3CAFBF4898}.Debug|Any CPU.ActiveCfg = Debug|Any CPU
		{B08E7AF4-D180-4ECD-9C2F-4C3CAFBF4898}.Debug|Any CPU.Build.0 = Debug|Any CPU
		{B08E7AF4-D180-4ECD-9C2F-4C3CAFBF4898}.Release|Any CPU.ActiveCfg = Release|Any CPU
		{B08E7AF4-D180-4ECD-9C2F-4C3CAFBF4898}.Release|Any CPU.Build.0 = Release|Any CPU
		{0EF9C9D8-7997-4FBE-A3F8-6071F1B1FCC3}.Debug|Any CPU.ActiveCfg = Debug|Any CPU
		{0EF9C9D8-7997-4FBE-A3F8-6071F1B1FCC3}.Debug|Any CPU.Build.0 = Debug|Any CPU
		{0EF9C9D8-7997-4FBE-A3F8-6071F1B1FCC3}.Release|Any CPU.ActiveCfg = Release|Any CPU
		{0EF9C9D8-7997-4FBE-A3F8-6071F1B1FCC3}.Release|Any CPU.Build.0 = Release|Any CPU
		{936D6E2B-F9E1-4C76-98D5-33AC376A6618}.Debug|Any CPU.ActiveCfg = Debug|Any CPU
		{936D6E2B-F9E1-4C76-98D5-33AC376A6618}.Debug|Any CPU.Build.0 = Debug|Any CPU
		{936D6E2B-F9E1-4C76-98D5-33AC376A6618}.Release|Any CPU.ActiveCfg = Release|Any CPU
		{936D6E2B-F9E1-4C76-98D5-33AC376A6618}.Release|Any CPU.Build.0 = Release|Any CPU
		{E4EF64D1-0E0D-4147-B4BC-025634F859E7}.Debug|Any CPU.ActiveCfg = Debug|Any CPU
		{E4EF64D1-0E0D-4147-B4BC-025634F859E7}.Debug|Any CPU.Build.0 = Debug|Any CPU
		{E4EF64D1-0E0D-4147-B4BC-025634F859E7}.Release|Any CPU.ActiveCfg = Release|Any CPU
		{E4EF64D1-0E0D-4147-B4BC-025634F859E7}.Release|Any CPU.Build.0 = Release|Any CPU
		{C8CB44EA-98FE-4850-8D79-7F11C3FE6D27}.Debug|Any CPU.ActiveCfg = Debug|Any CPU
		{C8CB44EA-98FE-4850-8D79-7F11C3FE6D27}.Debug|Any CPU.Build.0 = Debug|Any CPU
		{C8CB44EA-98FE-4850-8D79-7F11C3FE6D27}.Release|Any CPU.ActiveCfg = Release|Any CPU
		{C8CB44EA-98FE-4850-8D79-7F11C3FE6D27}.Release|Any CPU.Build.0 = Release|Any CPU
		{FABFAEA4-45EE-4A36-8C9D-999D52637B33}.Debug|Any CPU.ActiveCfg = Debug|Any CPU
		{FABFAEA4-45EE-4A36-8C9D-999D52637B33}.Debug|Any CPU.Build.0 = Debug|Any CPU
		{FABFAEA4-45EE-4A36-8C9D-999D52637B33}.Release|Any CPU.ActiveCfg = Release|Any CPU
		{FABFAEA4-45EE-4A36-8C9D-999D52637B33}.Release|Any CPU.Build.0 = Release|Any CPU
		{7A3E4222-C9F1-46B8-A473-F660CE59326A}.Debug|Any CPU.ActiveCfg = Debug|Any CPU
		{7A3E4222-C9F1-46B8-A473-F660CE59326A}.Debug|Any CPU.Build.0 = Debug|Any CPU
		{7A3E4222-C9F1-46B8-A473-F660CE59326A}.Release|Any CPU.ActiveCfg = Release|Any CPU
		{7A3E4222-C9F1-46B8-A473-F660CE59326A}.Release|Any CPU.Build.0 = Release|Any CPU
		{F4492438-711E-46C4-96AE-17674D78B0C7}.Debug|Any CPU.ActiveCfg = Debug|Any CPU
		{F4492438-711E-46C4-96AE-17674D78B0C7}.Debug|Any CPU.Build.0 = Debug|Any CPU
		{F4492438-711E-46C4-96AE-17674D78B0C7}.Release|Any CPU.ActiveCfg = Release|Any CPU
		{F4492438-711E-46C4-96AE-17674D78B0C7}.Release|Any CPU.Build.0 = Release|Any CPU
		{611E3B38-11AC-4A3C-B6CA-62BB17A31213}.Debug|Any CPU.ActiveCfg = Debug|Any CPU
		{611E3B38-11AC-4A3C-B6CA-62BB17A31213}.Debug|Any CPU.Build.0 = Debug|Any CPU
		{611E3B38-11AC-4A3C-B6CA-62BB17A31213}.Release|Any CPU.ActiveCfg = Release|Any CPU
		{611E3B38-11AC-4A3C-B6CA-62BB17A31213}.Release|Any CPU.Build.0 = Release|Any CPU
		{97F30193-244A-4A42-98FA-3D160B4A9946}.Debug|Any CPU.ActiveCfg = Debug|Any CPU
		{97F30193-244A-4A42-98FA-3D160B4A9946}.Debug|Any CPU.Build.0 = Debug|Any CPU
		{97F30193-244A-4A42-98FA-3D160B4A9946}.Release|Any CPU.ActiveCfg = Release|Any CPU
		{97F30193-244A-4A42-98FA-3D160B4A9946}.Release|Any CPU.Build.0 = Release|Any CPU
		{6CCD6646-8F50-43EC-B864-36A506C0BED3}.Debug|Any CPU.ActiveCfg = Debug|Any CPU
		{6CCD6646-8F50-43EC-B864-36A506C0BED3}.Debug|Any CPU.Build.0 = Debug|Any CPU
		{6CCD6646-8F50-43EC-B864-36A506C0BED3}.Release|Any CPU.ActiveCfg = Release|Any CPU
		{6CCD6646-8F50-43EC-B864-36A506C0BED3}.Release|Any CPU.Build.0 = Release|Any CPU
		{35B71150-AB91-4E21-9F9D-D29C57ADB4A0}.Debug|Any CPU.ActiveCfg = Debug|Any CPU
		{35B71150-AB91-4E21-9F9D-D29C57ADB4A0}.Debug|Any CPU.Build.0 = Debug|Any CPU
		{35B71150-AB91-4E21-9F9D-D29C57ADB4A0}.Release|Any CPU.ActiveCfg = Release|Any CPU
		{35B71150-AB91-4E21-9F9D-D29C57ADB4A0}.Release|Any CPU.Build.0 = Release|Any CPU
		{552E746D-5324-481C-A3AB-55E4134CC090}.Debug|Any CPU.ActiveCfg = Debug|Any CPU
		{552E746D-5324-481C-A3AB-55E4134CC090}.Debug|Any CPU.Build.0 = Debug|Any CPU
		{552E746D-5324-481C-A3AB-55E4134CC090}.Release|Any CPU.ActiveCfg = Release|Any CPU
		{552E746D-5324-481C-A3AB-55E4134CC090}.Release|Any CPU.Build.0 = Release|Any CPU
	EndGlobalSection
	GlobalSection(SolutionProperties) = preSolution
		HideSolutionNode = FALSE
	EndGlobalSection
	GlobalSection(ExtensibilityGlobals) = postSolution
		SolutionGuid = {9B957FB4-9154-4A4C-BE1C-2842982E254A}
	EndGlobalSection
EndGlobal
